
Microsoft Visual Studio Solution File, Format Version 12.00
# Visual Studio Version 16
VisualStudioVersion = 16.0.29020.237
MinimumVisualStudioVersion = 10.0.40219.1
Project("{9A19103F-16F7-4668-BE54-9A1E7A4F7556}") = "MaterialDesignDemo", "MainDemo.Wpf\MaterialDesignDemo.csproj", "{CF0A27A8-EF82-44E5-B673-ECCC150C48ED}"
EndProject
Project("{9A19103F-16F7-4668-BE54-9A1E7A4F7556}") = "MaterialDesignThemes.Wpf", "MaterialDesignThemes.Wpf\MaterialDesignThemes.Wpf.csproj", "{F079FB0A-A8ED-4216-B6A5-345756751A04}"
EndProject
Project("{2150E333-8FDC-42A3-9474-1A3956D46DE8}") = "Solution Items", "Solution Items", "{55087897-5F09-45CA-8E12-12B36B45F262}"
	ProjectSection(SolutionItems) = preProject
		.editorconfig = .editorconfig
		Versioning.targets = Versioning.targets
	EndProjectSection
EndProject
Project("{FAE04EC0-301F-11D3-BF4B-00C04F79EFBC}") = "mdresgen", "mdresgen\mdresgen.csproj", "{8E2BD5CB-1C31-4226-8A0C-7D5BD015EF43}"
EndProject
Project("{9A19103F-16F7-4668-BE54-9A1E7A4F7556}") = "MaterialDesignColors.Wpf", "MaterialDesignColors.Wpf\MaterialDesignColors.Wpf.csproj", "{A856F9ED-1B4F-4155-9C9F-DD2429A75D49}"
EndProject
Project("{9A19103F-16F7-4668-BE54-9A1E7A4F7556}") = "MaterialDesignColors.Wpf.Tests", "MaterialDesignColors.Wpf.Tests\MaterialDesignColors.Wpf.Tests.csproj", "{AF144E83-34B6-43EF-9162-47D444995165}"
EndProject
Project("{9A19103F-16F7-4668-BE54-9A1E7A4F7556}") = "MaterialDesignThemes.MahApps", "MaterialDesignThemes.MahApps\MaterialDesignThemes.MahApps.csproj", "{B555A579-1B0F-4A53-A43A-CB9F9079062F}"
EndProject
Project("{9A19103F-16F7-4668-BE54-9A1E7A4F7556}") = "MaterialDesignThemes.MahApps.Tests", "MaterialDesignThemes.MahApps.Tests\MaterialDesignThemes.MahApps.Tests.csproj", "{8874B116-1531-4B9F-89CC-F13E0B4B15B0}"
EndProject
Project("{9A19103F-16F7-4668-BE54-9A1E7A4F7556}") = "MahAppsDragablzDemo", "MahMaterialDragablzMashUp\MahAppsDragablzDemo.csproj", "{4D061276-FEE9-4B8C-965A-9C982B799E60}"
EndProject
Global
	GlobalSection(SolutionConfigurationPlatforms) = preSolution
		Debug|Any CPU = Debug|Any CPU
		Debug|ARM = Debug|ARM
		Debug|x64 = Debug|x64
		Debug|x86 = Debug|x86
		Release|Any CPU = Release|Any CPU
		Release|ARM = Release|ARM
		Release|x64 = Release|x64
		Release|x86 = Release|x86
	EndGlobalSection
	GlobalSection(ProjectConfigurationPlatforms) = postSolution
		{CF0A27A8-EF82-44E5-B673-ECCC150C48ED}.Debug|Any CPU.ActiveCfg = Debug|Any CPU
		{CF0A27A8-EF82-44E5-B673-ECCC150C48ED}.Debug|Any CPU.Build.0 = Debug|Any CPU
		{CF0A27A8-EF82-44E5-B673-ECCC150C48ED}.Debug|ARM.ActiveCfg = Debug|Any CPU
		{CF0A27A8-EF82-44E5-B673-ECCC150C48ED}.Debug|ARM.Build.0 = Debug|Any CPU
		{CF0A27A8-EF82-44E5-B673-ECCC150C48ED}.Debug|x64.ActiveCfg = Debug|Any CPU
		{CF0A27A8-EF82-44E5-B673-ECCC150C48ED}.Debug|x64.Build.0 = Debug|Any CPU
		{CF0A27A8-EF82-44E5-B673-ECCC150C48ED}.Debug|x86.ActiveCfg = Debug|Any CPU
		{CF0A27A8-EF82-44E5-B673-ECCC150C48ED}.Debug|x86.Build.0 = Debug|Any CPU
		{CF0A27A8-EF82-44E5-B673-ECCC150C48ED}.Release|Any CPU.ActiveCfg = Release|Any CPU
		{CF0A27A8-EF82-44E5-B673-ECCC150C48ED}.Release|Any CPU.Build.0 = Release|Any CPU
		{CF0A27A8-EF82-44E5-B673-ECCC150C48ED}.Release|ARM.ActiveCfg = Release|Any CPU
		{CF0A27A8-EF82-44E5-B673-ECCC150C48ED}.Release|ARM.Build.0 = Release|Any CPU
		{CF0A27A8-EF82-44E5-B673-ECCC150C48ED}.Release|x64.ActiveCfg = Release|Any CPU
		{CF0A27A8-EF82-44E5-B673-ECCC150C48ED}.Release|x64.Build.0 = Release|Any CPU
		{CF0A27A8-EF82-44E5-B673-ECCC150C48ED}.Release|x86.ActiveCfg = Release|Any CPU
		{CF0A27A8-EF82-44E5-B673-ECCC150C48ED}.Release|x86.Build.0 = Release|Any CPU
		{F079FB0A-A8ED-4216-B6A5-345756751A04}.Debug|Any CPU.ActiveCfg = Debug|Any CPU
		{F079FB0A-A8ED-4216-B6A5-345756751A04}.Debug|Any CPU.Build.0 = Debug|Any CPU
		{F079FB0A-A8ED-4216-B6A5-345756751A04}.Debug|ARM.ActiveCfg = Debug|Any CPU
		{F079FB0A-A8ED-4216-B6A5-345756751A04}.Debug|ARM.Build.0 = Debug|Any CPU
		{F079FB0A-A8ED-4216-B6A5-345756751A04}.Debug|x64.ActiveCfg = Debug|Any CPU
		{F079FB0A-A8ED-4216-B6A5-345756751A04}.Debug|x64.Build.0 = Debug|Any CPU
		{F079FB0A-A8ED-4216-B6A5-345756751A04}.Debug|x86.ActiveCfg = Debug|Any CPU
		{F079FB0A-A8ED-4216-B6A5-345756751A04}.Debug|x86.Build.0 = Debug|Any CPU
		{F079FB0A-A8ED-4216-B6A5-345756751A04}.Release|Any CPU.ActiveCfg = Release|Any CPU
		{F079FB0A-A8ED-4216-B6A5-345756751A04}.Release|Any CPU.Build.0 = Release|Any CPU
		{F079FB0A-A8ED-4216-B6A5-345756751A04}.Release|ARM.ActiveCfg = Release|Any CPU
		{F079FB0A-A8ED-4216-B6A5-345756751A04}.Release|ARM.Build.0 = Release|Any CPU
		{F079FB0A-A8ED-4216-B6A5-345756751A04}.Release|x64.ActiveCfg = Release|Any CPU
		{F079FB0A-A8ED-4216-B6A5-345756751A04}.Release|x64.Build.0 = Release|Any CPU
		{F079FB0A-A8ED-4216-B6A5-345756751A04}.Release|x86.ActiveCfg = Release|Any CPU
		{F079FB0A-A8ED-4216-B6A5-345756751A04}.Release|x86.Build.0 = Release|Any CPU
		{8E2BD5CB-1C31-4226-8A0C-7D5BD015EF43}.Debug|Any CPU.ActiveCfg = Debug|Any CPU
		{8E2BD5CB-1C31-4226-8A0C-7D5BD015EF43}.Debug|Any CPU.Build.0 = Debug|Any CPU
		{8E2BD5CB-1C31-4226-8A0C-7D5BD015EF43}.Debug|ARM.ActiveCfg = Debug|Any CPU
		{8E2BD5CB-1C31-4226-8A0C-7D5BD015EF43}.Debug|ARM.Build.0 = Debug|Any CPU
		{8E2BD5CB-1C31-4226-8A0C-7D5BD015EF43}.Debug|x64.ActiveCfg = Debug|Any CPU
		{8E2BD5CB-1C31-4226-8A0C-7D5BD015EF43}.Debug|x64.Build.0 = Debug|Any CPU
		{8E2BD5CB-1C31-4226-8A0C-7D5BD015EF43}.Debug|x86.ActiveCfg = Debug|Any CPU
		{8E2BD5CB-1C31-4226-8A0C-7D5BD015EF43}.Debug|x86.Build.0 = Debug|Any CPU
		{8E2BD5CB-1C31-4226-8A0C-7D5BD015EF43}.Release|Any CPU.ActiveCfg = Release|Any CPU
		{8E2BD5CB-1C31-4226-8A0C-7D5BD015EF43}.Release|Any CPU.Build.0 = Release|Any CPU
		{8E2BD5CB-1C31-4226-8A0C-7D5BD015EF43}.Release|ARM.ActiveCfg = Release|Any CPU
		{8E2BD5CB-1C31-4226-8A0C-7D5BD015EF43}.Release|ARM.Build.0 = Release|Any CPU
		{8E2BD5CB-1C31-4226-8A0C-7D5BD015EF43}.Release|x64.ActiveCfg = Release|Any CPU
		{8E2BD5CB-1C31-4226-8A0C-7D5BD015EF43}.Release|x64.Build.0 = Release|Any CPU
		{8E2BD5CB-1C31-4226-8A0C-7D5BD015EF43}.Release|x86.ActiveCfg = Release|Any CPU
		{8E2BD5CB-1C31-4226-8A0C-7D5BD015EF43}.Release|x86.Build.0 = Release|Any CPU
		{A856F9ED-1B4F-4155-9C9F-DD2429A75D49}.Debug|Any CPU.ActiveCfg = Debug|Any CPU
		{A856F9ED-1B4F-4155-9C9F-DD2429A75D49}.Debug|Any CPU.Build.0 = Debug|Any CPU
		{A856F9ED-1B4F-4155-9C9F-DD2429A75D49}.Debug|ARM.ActiveCfg = Debug|Any CPU
		{A856F9ED-1B4F-4155-9C9F-DD2429A75D49}.Debug|ARM.Build.0 = Debug|Any CPU
		{A856F9ED-1B4F-4155-9C9F-DD2429A75D49}.Debug|x64.ActiveCfg = Debug|Any CPU
		{A856F9ED-1B4F-4155-9C9F-DD2429A75D49}.Debug|x64.Build.0 = Debug|Any CPU
		{A856F9ED-1B4F-4155-9C9F-DD2429A75D49}.Debug|x86.ActiveCfg = Debug|Any CPU
		{A856F9ED-1B4F-4155-9C9F-DD2429A75D49}.Debug|x86.Build.0 = Debug|Any CPU
		{A856F9ED-1B4F-4155-9C9F-DD2429A75D49}.Release|Any CPU.ActiveCfg = Release|Any CPU
		{A856F9ED-1B4F-4155-9C9F-DD2429A75D49}.Release|Any CPU.Build.0 = Release|Any CPU
		{A856F9ED-1B4F-4155-9C9F-DD2429A75D49}.Release|ARM.ActiveCfg = Release|Any CPU
		{A856F9ED-1B4F-4155-9C9F-DD2429A75D49}.Release|ARM.Build.0 = Release|Any CPU
		{A856F9ED-1B4F-4155-9C9F-DD2429A75D49}.Release|x64.ActiveCfg = Release|Any CPU
		{A856F9ED-1B4F-4155-9C9F-DD2429A75D49}.Release|x64.Build.0 = Release|Any CPU
		{A856F9ED-1B4F-4155-9C9F-DD2429A75D49}.Release|x86.ActiveCfg = Release|Any CPU
		{A856F9ED-1B4F-4155-9C9F-DD2429A75D49}.Release|x86.Build.0 = Release|Any CPU
		{AF144E83-34B6-43EF-9162-47D444995165}.Debug|Any CPU.ActiveCfg = Debug|Any CPU
		{AF144E83-34B6-43EF-9162-47D444995165}.Debug|Any CPU.Build.0 = Debug|Any CPU
		{AF144E83-34B6-43EF-9162-47D444995165}.Debug|ARM.ActiveCfg = Debug|Any CPU
		{AF144E83-34B6-43EF-9162-47D444995165}.Debug|ARM.Build.0 = Debug|Any CPU
		{AF144E83-34B6-43EF-9162-47D444995165}.Debug|x64.ActiveCfg = Debug|Any CPU
		{AF144E83-34B6-43EF-9162-47D444995165}.Debug|x64.Build.0 = Debug|Any CPU
		{AF144E83-34B6-43EF-9162-47D444995165}.Debug|x86.ActiveCfg = Debug|Any CPU
		{AF144E83-34B6-43EF-9162-47D444995165}.Debug|x86.Build.0 = Debug|Any CPU
		{AF144E83-34B6-43EF-9162-47D444995165}.Release|Any CPU.ActiveCfg = Release|Any CPU
		{AF144E83-34B6-43EF-9162-47D444995165}.Release|Any CPU.Build.0 = Release|Any CPU
		{AF144E83-34B6-43EF-9162-47D444995165}.Release|ARM.ActiveCfg = Release|Any CPU
		{AF144E83-34B6-43EF-9162-47D444995165}.Release|ARM.Build.0 = Release|Any CPU
		{AF144E83-34B6-43EF-9162-47D444995165}.Release|x64.ActiveCfg = Release|Any CPU
		{AF144E83-34B6-43EF-9162-47D444995165}.Release|x64.Build.0 = Release|Any CPU
		{AF144E83-34B6-43EF-9162-47D444995165}.Release|x86.ActiveCfg = Release|Any CPU
		{AF144E83-34B6-43EF-9162-47D444995165}.Release|x86.Build.0 = Release|Any CPU
		{B555A579-1B0F-4A53-A43A-CB9F9079062F}.Debug|Any CPU.ActiveCfg = Debug|Any CPU
		{B555A579-1B0F-4A53-A43A-CB9F9079062F}.Debug|Any CPU.Build.0 = Debug|Any CPU
		{B555A579-1B0F-4A53-A43A-CB9F9079062F}.Debug|ARM.ActiveCfg = Debug|Any CPU
		{B555A579-1B0F-4A53-A43A-CB9F9079062F}.Debug|ARM.Build.0 = Debug|Any CPU
		{B555A579-1B0F-4A53-A43A-CB9F9079062F}.Debug|x64.ActiveCfg = Debug|Any CPU
		{B555A579-1B0F-4A53-A43A-CB9F9079062F}.Debug|x64.Build.0 = Debug|Any CPU
		{B555A579-1B0F-4A53-A43A-CB9F9079062F}.Debug|x86.ActiveCfg = Debug|Any CPU
		{B555A579-1B0F-4A53-A43A-CB9F9079062F}.Debug|x86.Build.0 = Debug|Any CPU
		{B555A579-1B0F-4A53-A43A-CB9F9079062F}.Release|Any CPU.ActiveCfg = Release|Any CPU
		{B555A579-1B0F-4A53-A43A-CB9F9079062F}.Release|Any CPU.Build.0 = Release|Any CPU
		{B555A579-1B0F-4A53-A43A-CB9F9079062F}.Release|ARM.ActiveCfg = Release|Any CPU
		{B555A579-1B0F-4A53-A43A-CB9F9079062F}.Release|ARM.Build.0 = Release|Any CPU
		{B555A579-1B0F-4A53-A43A-CB9F9079062F}.Release|x64.ActiveCfg = Release|Any CPU
		{B555A579-1B0F-4A53-A43A-CB9F9079062F}.Release|x64.Build.0 = Release|Any CPU
		{B555A579-1B0F-4A53-A43A-CB9F9079062F}.Release|x86.ActiveCfg = Release|Any CPU
		{B555A579-1B0F-4A53-A43A-CB9F9079062F}.Release|x86.Build.0 = Release|Any CPU
		{8874B116-1531-4B9F-89CC-F13E0B4B15B0}.Debug|Any CPU.ActiveCfg = Debug|Any CPU
		{8874B116-1531-4B9F-89CC-F13E0B4B15B0}.Debug|Any CPU.Build.0 = Debug|Any CPU
		{8874B116-1531-4B9F-89CC-F13E0B4B15B0}.Debug|ARM.ActiveCfg = Debug|Any CPU
		{8874B116-1531-4B9F-89CC-F13E0B4B15B0}.Debug|ARM.Build.0 = Debug|Any CPU
		{8874B116-1531-4B9F-89CC-F13E0B4B15B0}.Debug|x64.ActiveCfg = Debug|Any CPU
		{8874B116-1531-4B9F-89CC-F13E0B4B15B0}.Debug|x64.Build.0 = Debug|Any CPU
		{8874B116-1531-4B9F-89CC-F13E0B4B15B0}.Debug|x86.ActiveCfg = Debug|Any CPU
		{8874B116-1531-4B9F-89CC-F13E0B4B15B0}.Debug|x86.Build.0 = Debug|Any CPU
		{8874B116-1531-4B9F-89CC-F13E0B4B15B0}.Release|Any CPU.ActiveCfg = Release|Any CPU
		{8874B116-1531-4B9F-89CC-F13E0B4B15B0}.Release|Any CPU.Build.0 = Release|Any CPU
		{8874B116-1531-4B9F-89CC-F13E0B4B15B0}.Release|ARM.ActiveCfg = Release|Any CPU
		{8874B116-1531-4B9F-89CC-F13E0B4B15B0}.Release|ARM.Build.0 = Release|Any CPU
		{8874B116-1531-4B9F-89CC-F13E0B4B15B0}.Release|x64.ActiveCfg = Release|Any CPU
		{8874B116-1531-4B9F-89CC-F13E0B4B15B0}.Release|x64.Build.0 = Release|Any CPU
		{8874B116-1531-4B9F-89CC-F13E0B4B15B0}.Release|x86.ActiveCfg = Release|Any CPU
		{8874B116-1531-4B9F-89CC-F13E0B4B15B0}.Release|x86.Build.0 = Release|Any CPU
		{4D061276-FEE9-4B8C-965A-9C982B799E60}.Debug|Any CPU.ActiveCfg = Debug|Any CPU
		{4D061276-FEE9-4B8C-965A-9C982B799E60}.Debug|Any CPU.Build.0 = Debug|Any CPU
		{4D061276-FEE9-4B8C-965A-9C982B799E60}.Debug|ARM.ActiveCfg = Debug|Any CPU
		{4D061276-FEE9-4B8C-965A-9C982B799E60}.Debug|ARM.Build.0 = Debug|Any CPU
		{4D061276-FEE9-4B8C-965A-9C982B799E60}.Debug|x64.ActiveCfg = Debug|Any CPU
		{4D061276-FEE9-4B8C-965A-9C982B799E60}.Debug|x64.Build.0 = Debug|Any CPU
		{4D061276-FEE9-4B8C-965A-9C982B799E60}.Debug|x86.ActiveCfg = Debug|Any CPU
		{4D061276-FEE9-4B8C-965A-9C982B799E60}.Debug|x86.Build.0 = Debug|Any CPU
		{4D061276-FEE9-4B8C-965A-9C982B799E60}.Release|Any CPU.ActiveCfg = Release|Any CPU
		{4D061276-FEE9-4B8C-965A-9C982B799E60}.Release|Any CPU.Build.0 = Release|Any CPU
		{4D061276-FEE9-4B8C-965A-9C982B799E60}.Release|ARM.ActiveCfg = Release|Any CPU
		{4D061276-FEE9-4B8C-965A-9C982B799E60}.Release|ARM.Build.0 = Release|Any CPU
		{4D061276-FEE9-4B8C-965A-9C982B799E60}.Release|x64.ActiveCfg = Release|Any CPU
		{4D061276-FEE9-4B8C-965A-9C982B799E60}.Release|x64.Build.0 = Release|Any CPU
		{4D061276-FEE9-4B8C-965A-9C982B799E60}.Release|x86.ActiveCfg = Release|Any CPU
		{4D061276-FEE9-4B8C-965A-9C982B799E60}.Release|x86.Build.0 = Release|Any CPU
	EndGlobalSection
	GlobalSection(SolutionProperties) = preSolution
		HideSolutionNode = FALSE
	EndGlobalSection
	GlobalSection(ExtensibilityGlobals) = postSolution
		SolutionGuid = {730B2F9E-74AE-46CE-9E61-89AA5C6D5DD3}
	EndGlobalSection
EndGlobal
